Microsoft Visual Studio Solution File, Format Version 8.00
Project("{8BC9CEB8-8B4A-11D0-8D11-00A0C91BC942}") = "Recognition", "Recognition.vcproj", "{E9198665-E547-4086-A9C8-76BEACA2B2E8}"
	ProjectSection(ProjectDependencies) = postProject
	EndProjectSection
EndProject
Project("{8BC9CEB8-8B4A-11D0-8D11-00A0C91BC942}") = "RecognitionPS", "RecognitionPS.vcproj", "{9097BB97-F762-4684-B8D2-691D477C3D1F}"
	ProjectSection(ProjectDependencies) = postProject
		{E9198665-E547-4086-A9C8-76BEACA2B2E8} = {E9198665-E547-4086-A9C8-76BEACA2B2E8}
	EndProjectSection
EndProject
Global
	GlobalSection(DPCodeReviewSolutionGUID) = preSolution
		DPCodeReviewSolutionGUID = {00000000-0000-0000-0000-000000000000}
	EndGlobalSection
	GlobalSection(SolutionConfiguration) = preSolution
		Debug = Debug
		Release = Release
	EndGlobalSection
	GlobalSection(ProjectConfiguration) = postSolution
		{E9198665-E547-4086-A9C8-76BEACA2B2E8}.Debug.ActiveCfg = Debug|Win32
		{E9198665-E547-4086-A9C8-76BEACA2B2E8}.Debug.Build.0 = Debug|Win32
		{E9198665-E547-4086-A9C8-76BEACA2B2E8}.Release.ActiveCfg = Release|Win32
		{E9198665-E547-4086-A9C8-76BEACA2B2E8}.Release.Build.0 = Release|Win32
		{9097BB97-F762-4684-B8D2-691D477C3D1F}.Debug.ActiveCfg = Debug|Win32
		{9097BB97-F762-4684-B8D2-691D477C3D1F}.Release.ActiveCfg = Release|Win32
	EndGlobalSection
	GlobalSection(ExtensibilityGlobals) = postSolution
	EndGlobalSection
	GlobalSection(ExtensibilityAddIns) = postSolution
	EndGlobalSection
EndGlobal
